# This file is generated by running "yarn install" inside your project.
# Manual changes might be lost - proceed with caution!

__metadata:
  version: 8
  cacheKey: 10c0

"@medusajs/types@npm:rc":
  version: 2.0.0-rc-20241022183311
  resolution: "@medusajs/types@npm:2.0.0-rc-20241022183311"
  dependencies:
    bignumber.js: "npm:^9.1.2"
  peerDependencies:
    awilix: ^8.0.1
    ioredis: ^5.4.1
    vite: ^5.2.11
  peerDependenciesMeta:
    ioredis:
      optional: true
    vite:
      optional: true
  checksum: 10c0/d6374c6cf671a9f1e46c81cc50af8ea2255f4af04d42ea07e432980e640b77b05b03442c312c93fcde442465340d5572c636cea395e1fa286b71c3772e1d9a56
  languageName: node
  linkType: hard

"@starter/types@workspace:packages/types":
  version: 0.0.0-use.local
  resolution: "@starter/types@workspace:packages/types"
  dependencies:
    "@medusajs/types": "npm:rc"
    typescript: "npm:^5.5.3"
  languageName: unknown
  linkType: soft

"bignumber.js@npm:^9.1.2":
  version: 9.1.2
  resolution: "bignumber.js@npm:9.1.2"
  checksum: 10c0/e17786545433f3110b868725c449fa9625366a6e675cd70eb39b60938d6adbd0158cb4b3ad4f306ce817165d37e63f4aa3098ba4110db1d9a3b9f66abfbaf10d
  languageName: node
  linkType: hard

"my-monorepo@workspace:.":
  version: 0.0.0-use.local
  resolution: "my-monorepo@workspace:."
  dependencies:
    turbo: "npm:latest"
  languageName: unknown
  linkType: soft

"turbo-darwin-64@npm:2.2.3":
  version: 2.2.3
  resolution: "turbo-darwin-64@npm:2.2.3"
  conditions: os=darwin & cpu=x64
  languageName: node
  linkType: hard

"turbo-darwin-arm64@npm:2.2.3":
  version: 2.2.3
  resolution: "turbo-darwin-arm64@npm:2.2.3"
  conditions: os=darwin & cpu=arm64
  languageName: node
  linkType: hard

"turbo-linux-64@npm:2.2.3":
  version: 2.2.3
  resolution: "turbo-linux-64@npm:2.2.3"
  conditions: os=linux & cpu=x64
  languageName: node
  linkType: hard

"turbo-linux-arm64@npm:2.2.3":
  version: 2.2.3
  resolution: "turbo-linux-arm64@npm:2.2.3"
  conditions: os=linux & cpu=arm64
  languageName: node
  linkType: hard

"turbo-windows-64@npm:2.2.3":
  version: 2.2.3
  resolution: "turbo-windows-64@npm:2.2.3"
  conditions: os=win32 & cpu=x64
  languageName: node
  linkType: hard

"turbo-windows-arm64@npm:2.2.3":
  version: 2.2.3
  resolution: "turbo-windows-arm64@npm:2.2.3"
  conditions: os=win32 & cpu=arm64
  languageName: node
  linkType: hard

"turbo@npm:latest":
  version: 2.2.3
  resolution: "turbo@npm:2.2.3"
  dependencies:
    turbo-darwin-64: "npm:2.2.3"
    turbo-darwin-arm64: "npm:2.2.3"
    turbo-linux-64: "npm:2.2.3"
    turbo-linux-arm64: "npm:2.2.3"
    turbo-windows-64: "npm:2.2.3"
    turbo-windows-arm64: "npm:2.2.3"
  dependenciesMeta:
    turbo-darwin-64:
      optional: true
    turbo-darwin-arm64:
      optional: true
    turbo-linux-64:
      optional: true
    turbo-linux-arm64:
      optional: true
    turbo-windows-64:
      optional: true
    turbo-windows-arm64:
      optional: true
  bin:
    turbo: bin/turbo
  checksum: 10c0/5896cc1eb4b333ad11016f3b8a4ef5f13d3848c3b0abf4027edc53a0d10f3349bda5a7b880cc57ab1312b8c6371602f0ab932bc1c3902c65c674aef9c341af15
  languageName: node
  linkType: hard

"typescript@npm:^5.5.3":
  version: 5.6.3
  resolution: "typescript@npm:5.6.3"
  bin:
    tsc: bin/tsc
    tsserver: bin/tsserver
  checksum: 10c0/44f61d3fb15c35359bc60399cb8127c30bae554cd555b8e2b46d68fa79d680354b83320ad419ff1b81a0bdf324197b29affe6cc28988cd6a74d4ac60c94f9799
  languageName: node
  linkType: hard

"typescript@patch:typescript@npm%3A^5.5.3#optional!builtin<compat/typescript>":
  version: 5.6.3
  resolution: "typescript@patch:typescript@npm%3A5.6.3#optional!builtin<compat/typescript>::version=5.6.3&hash=8c6c40"
  bin:
    tsc: bin/tsc
    tsserver: bin/tsserver
  checksum: 10c0/7c9d2e07c81226d60435939618c91ec2ff0b75fbfa106eec3430f0fcf93a584bc6c73176676f532d78c3594fe28a54b36eb40b3d75593071a7ec91301533ace7
  languageName: node
  linkType: hard
