# This file is generated by running "yarn install" inside your project.
# Manual changes might be lost - proceed with caution!

__metadata:
  version: 8
  cacheKey: 10c0

"embla-carousel-react@npm:^8.6.0":
  version: 8.6.0
  resolution: "embla-carousel-react@npm:8.6.0"
  dependencies:
    embla-carousel: "npm:8.6.0"
    embla-carousel-reactive-utils: "npm:8.6.0"
  peerDependencies:
    react: ^16.8.0 || ^17.0.1 || ^18.0.0 || ^19.0.0 || ^19.0.0-rc
  checksum: 10c0/461b0c427a6fca62e730c7b39d08e9c55b01a2138c173d5b9ebf77ec92092a900b45ac384731c77382b48d5d65946994d3abba6e9899a66d6e16f8ddf191ed1c
  languageName: node
  linkType: hard

"embla-carousel-reactive-utils@npm:8.6.0":
  version: 8.6.0
  resolution: "embla-carousel-reactive-utils@npm:8.6.0"
  peerDependencies:
    embla-carousel: 8.6.0
  checksum: 10c0/33d07e6df4d8dec9b4fc95858838ea2d5e5df078039c05b2a342c05ba4979d8d18564a1c607da445fed744daf969a0b5a90124ce487a854e86ced6f0458b51e9
  languageName: node
  linkType: hard

"embla-carousel@npm:8.6.0":
  version: 8.6.0
  resolution: "embla-carousel@npm:8.6.0"
  checksum: 10c0/f4c598e7be28b70340d31ffd2bebb2472db370b0c81d9b089bf9555cf618695f35dc4a0694565c994c9ab972731123063f945aa09ff485df0df761d79c6a08ef
  languageName: node
  linkType: hard

"root-workspace-0b6124@workspace:.":
  version: 0.0.0-use.local
  resolution: "root-workspace-0b6124@workspace:."
  dependencies:
    embla-carousel-react: "npm:^8.6.0"
  languageName: unknown
  linkType: soft
