# THIS IS AN AUTOGENERATED FILE. DO NOT EDIT THIS FILE DIRECTLY.
# yarn lockfile v1


"@algolia/abtesting@1.3.0":
  version "1.3.0"
  resolved "https://registry.npmjs.org/@algolia/abtesting/-/abtesting-1.3.0.tgz"
  integrity sha512-KqPVLdVNfoJzX5BKNGM9bsW8saHeyax8kmPFXul5gejrSPN3qss7PgsFH5mMem7oR8tvjvNkia97ljEYPYCN8Q==
  dependencies:
    "@algolia/client-common" "5.37.0"
    "@algolia/requester-browser-xhr" "5.37.0"
    "@algolia/requester-fetch" "5.37.0"
    "@algolia/requester-node-http" "5.37.0"

"@algolia/client-abtesting@5.37.0":
  version "5.37.0"
  resolved "https://registry.npmjs.org/@algolia/client-abtesting/-/client-abtesting-5.37.0.tgz"
  integrity sha512-Dp2Zq+x9qQFnuiQhVe91EeaaPxWBhzwQ6QnznZQnH9C1/ei3dvtmAFfFeaTxM6FzfJXDLvVnaQagTYFTQz3R5g==
  dependencies:
    "@algolia/client-common" "5.37.0"
    "@algolia/requester-browser-xhr" "5.37.0"
    "@algolia/requester-fetch" "5.37.0"
    "@algolia/requester-node-http" "5.37.0"

"@algolia/client-analytics@5.37.0":
  version "5.37.0"
  resolved "https://registry.npmjs.org/@algolia/client-analytics/-/client-analytics-5.37.0.tgz"
  integrity sha512-wyXODDOluKogTuZxRII6mtqhAq4+qUR3zIUJEKTiHLe8HMZFxfUEI4NO2qSu04noXZHbv/sRVdQQqzKh12SZuQ==
  dependencies:
    "@algolia/client-common" "5.37.0"
    "@algolia/requester-browser-xhr" "5.37.0"
    "@algolia/requester-fetch" "5.37.0"
    "@algolia/requester-node-http" "5.37.0"

"@algolia/client-common@5.37.0":
  version "5.37.0"
  resolved "https://registry.npmjs.org/@algolia/client-common/-/client-common-5.37.0.tgz"
  integrity sha512-GylIFlPvLy9OMgFG8JkonIagv3zF+Dx3H401Uo2KpmfMVBBJiGfAb9oYfXtplpRMZnZPxF5FnkWaI/NpVJMC+g==

"@algolia/client-insights@5.37.0":
  version "5.37.0"
  resolved "https://registry.npmjs.org/@algolia/client-insights/-/client-insights-5.37.0.tgz"
  integrity sha512-T63afO2O69XHKw2+F7mfRoIbmXWGzgpZxgOFAdP3fR4laid7pWBt20P4eJ+Zn23wXS5kC9P2K7Bo3+rVjqnYiw==
  dependencies:
    "@algolia/client-common" "5.37.0"
    "@algolia/requester-browser-xhr" "5.37.0"
    "@algolia/requester-fetch" "5.37.0"
    "@algolia/requester-node-http" "5.37.0"

"@algolia/client-personalization@5.37.0":
  version "5.37.0"
  resolved "https://registry.npmjs.org/@algolia/client-personalization/-/client-personalization-5.37.0.tgz"
  integrity sha512-1zOIXM98O9zD8bYDCJiUJRC/qNUydGHK/zRK+WbLXrW1SqLFRXECsKZa5KoG166+o5q5upk96qguOtE8FTXDWQ==
  dependencies:
    "@algolia/client-common" "5.37.0"
    "@algolia/requester-browser-xhr" "5.37.0"
    "@algolia/requester-fetch" "5.37.0"
    "@algolia/requester-node-http" "5.37.0"

"@algolia/client-query-suggestions@5.37.0":
  version "5.37.0"
  resolved "https://registry.npmjs.org/@algolia/client-query-suggestions/-/client-query-suggestions-5.37.0.tgz"
  integrity sha512-31Nr2xOLBCYVal+OMZn1rp1H4lPs1914Tfr3a34wU/nsWJ+TB3vWjfkUUuuYhWoWBEArwuRzt3YNLn0F/KRVkg==
  dependencies:
    "@algolia/client-common" "5.37.0"
    "@algolia/requester-browser-xhr" "5.37.0"
    "@algolia/requester-fetch" "5.37.0"
    "@algolia/requester-node-http" "5.37.0"

"@algolia/client-search@5.37.0":
  version "5.37.0"
  resolved "https://registry.npmjs.org/@algolia/client-search/-/client-search-5.37.0.tgz"
  integrity sha512-DAFVUvEg+u7jUs6BZiVz9zdaUebYULPiQ4LM2R4n8Nujzyj7BZzGr2DCd85ip4p/cx7nAZWKM8pLcGtkTRTdsg==
  dependencies:
    "@algolia/client-common" "5.37.0"
    "@algolia/requester-browser-xhr" "5.37.0"
    "@algolia/requester-fetch" "5.37.0"
    "@algolia/requester-node-http" "5.37.0"

"@algolia/ingestion@1.37.0":
  version "1.37.0"
  resolved "https://registry.npmjs.org/@algolia/ingestion/-/ingestion-1.37.0.tgz"
  integrity sha512-pkCepBRRdcdd7dTLbFddnu886NyyxmhgqiRcHHaDunvX03Ij4WzvouWrQq7B7iYBjkMQrLS8wQqSP0REfA4W8g==
  dependencies:
    "@algolia/client-common" "5.37.0"
    "@algolia/requester-browser-xhr" "5.37.0"
    "@algolia/requester-fetch" "5.37.0"
    "@algolia/requester-node-http" "5.37.0"

"@algolia/monitoring@1.37.0":
  version "1.37.0"
  resolved "https://registry.npmjs.org/@algolia/monitoring/-/monitoring-1.37.0.tgz"
  integrity sha512-fNw7pVdyZAAQQCJf1cc/ih4fwrRdQSgKwgor4gchsI/Q/ss9inmC6bl/69jvoRSzgZS9BX4elwHKdo0EfTli3w==
  dependencies:
    "@algolia/client-common" "5.37.0"
    "@algolia/requester-browser-xhr" "5.37.0"
    "@algolia/requester-fetch" "5.37.0"
    "@algolia/requester-node-http" "5.37.0"

"@algolia/recommend@5.37.0":
  version "5.37.0"
  resolved "https://registry.npmjs.org/@algolia/recommend/-/recommend-5.37.0.tgz"
  integrity sha512-U+FL5gzN2ldx3TYfQO5OAta2TBuIdabEdFwD5UVfWPsZE5nvOKkc/6BBqP54Z/adW/34c5ZrvvZhlhNTZujJXQ==
  dependencies:
    "@algolia/client-common" "5.37.0"
    "@algolia/requester-browser-xhr" "5.37.0"
    "@algolia/requester-fetch" "5.37.0"
    "@algolia/requester-node-http" "5.37.0"

"@algolia/requester-browser-xhr@5.37.0":
  version "5.37.0"
  resolved "https://registry.npmjs.org/@algolia/requester-browser-xhr/-/requester-browser-xhr-5.37.0.tgz"
  integrity sha512-Ao8GZo8WgWFABrU7iq+JAftXV0t+UcOtCDL4mzHHZ+rQeTTf1TZssr4d0vIuoqkVNnKt9iyZ7T4lQff4ydcTrw==
  dependencies:
    "@algolia/client-common" "5.37.0"

"@algolia/requester-fetch@5.37.0":
  version "5.37.0"
  resolved "https://registry.npmjs.org/@algolia/requester-fetch/-/requester-fetch-5.37.0.tgz"
  integrity sha512-H7OJOXrFg5dLcGJ22uxx8eiFId0aB9b0UBhoOi4SMSuDBe6vjJJ/LeZyY25zPaSvkXNBN3vAM+ad6M0h6ha3AA==
  dependencies:
    "@algolia/client-common" "5.37.0"

"@algolia/requester-node-http@5.37.0":
  version "5.37.0"
  resolved "https://registry.npmjs.org/@algolia/requester-node-http/-/requester-node-http-5.37.0.tgz"
  integrity sha512-npZ9aeag4SGTx677eqPL3rkSPlQrnzx/8wNrl1P7GpWq9w/eTmRbOq+wKrJ2r78idlY0MMgmY/mld2tq6dc44g==
  dependencies:
    "@algolia/client-common" "5.37.0"

algoliasearch@^5.37.0:
  version "5.37.0"
  resolved "https://registry.npmjs.org/algoliasearch/-/algoliasearch-5.37.0.tgz"
  integrity sha512-y7gau/ZOQDqoInTQp0IwTOjkrHc4Aq4R8JgpmCleFwiLl+PbN2DMWoDUWZnrK8AhNJwT++dn28Bt4NZYNLAmuA==
  dependencies:
    "@algolia/abtesting" "1.3.0"
    "@algolia/client-abtesting" "5.37.0"
    "@algolia/client-analytics" "5.37.0"
    "@algolia/client-common" "5.37.0"
    "@algolia/client-insights" "5.37.0"
    "@algolia/client-personalization" "5.37.0"
    "@algolia/client-query-suggestions" "5.37.0"
    "@algolia/client-search" "5.37.0"
    "@algolia/ingestion" "1.37.0"
    "@algolia/monitoring" "1.37.0"
    "@algolia/recommend" "5.37.0"
    "@algolia/requester-browser-xhr" "5.37.0"
    "@algolia/requester-fetch" "5.37.0"
    "@algolia/requester-node-http" "5.37.0"

embla-carousel-react@^8.6.0:
  version "8.6.0"
  resolved "https://registry.npmjs.org/embla-carousel-react/-/embla-carousel-react-8.6.0.tgz"
  integrity sha512-0/PjqU7geVmo6F734pmPqpyHqiM99olvyecY7zdweCw+6tKEXnrE90pBiBbMMU8s5tICemzpQ3hi5EpxzGW+JA==
  dependencies:
    embla-carousel "8.6.0"
    embla-carousel-reactive-utils "8.6.0"

embla-carousel-reactive-utils@8.6.0:
  version "8.6.0"
  resolved "https://registry.npmjs.org/embla-carousel-reactive-utils/-/embla-carousel-reactive-utils-8.6.0.tgz"
  integrity sha512-fMVUDUEx0/uIEDM0Mz3dHznDhfX+znCCDCeIophYb1QGVM7YThSWX+wz11zlYwWFOr74b4QLGg0hrGPJeG2s4A==

embla-carousel@8.6.0:
  version "8.6.0"
  resolved "https://registry.npmjs.org/embla-carousel/-/embla-carousel-8.6.0.tgz"
  integrity sha512-SjWyZBHJPbqxHOzckOfo8lHisEaJWmwd23XppYFYVh10bU66/Pn5tkVkbkCMZVdbUE5eTCI2nD8OyIP4Z+uwkA==

"react@^16.8.0 || ^17.0.1 || ^18.0.0 || ^19.0.0 || ^19.0.0-rc":
  version "19.1.1"
  resolved "https://registry.npmjs.org/react/-/react-19.1.1.tgz"
  integrity sha512-w8nqGImo45dmMIfljjMwOGtbmC/mk4CMYhWIicdSflH91J9TyCyczcPFXJzrZ/ZXcgGRFeP6BU0BEJTw6tZdfQ==
